{
  "name": "Mapty App",
  "lockfileVersion": 3,
  "requires": true,
  "packages": {
    "": {
      "dependencies": {
        "leaflet.gridlayer.googlemutant": "^0.14.1"
      }
    },
    "node_modules/leaflet.gridlayer.googlemutant": {
      "version": "0.14.1",
      "resolved": "https://registry.npmjs.org/leaflet.gridlayer.googlemutant/-/leaflet.gridlayer.googlemutant-0.14.1.tgz",
      "integrity": "sha512-/OYxEjmgxO1U1KOhTzg+m8c0b95J0943LU8DXQmdJu/x2f+1Ur78rvEPO2QCS0cmwZ3m6FvE5I3zXnBzJNWRCA=="
    }
  }
}
